// !$*UTF8*$!
{
	archiveVersion = 1;
	classes = {
	};
	objectVersion = 56;
	objects = {

/* Begin PBXBuildFile section */
		C1404D302A22E9E10018FBF9 /* MVVMApp.swift in Sources */ = {isa = PBXBuildFile; fileRef = C1404D2F2A22E9E10018FBF9 /* MVVMApp.swift */; };
		C1404D322A22E9E10018FBF9 /* ContentView.swift in Sources */ = {isa = PBXBuildFile; fileRef = C1404D312A22E9E10018FBF9 /* ContentView.swift */; };
		C1404D342A22E9E20018FBF9 /* Assets.xcassets in Resources */ = {isa = PBXBuildFile; fileRef = C1404D332A22E9E20018FBF9 /* Assets.xcassets */; };
		C1404D372A22E9E20018FBF9 /* Preview Assets.xcassets in Resources */ = {isa = PBXBuildFile; fileRef = C1404D362A22E9E20018FBF9 /* Preview Assets.xcassets */; };
		C1404D412A22E9E20018FBF9 /* MVVMTests.swift in Sources */ = {isa = PBXBuildFile; fileRef = C1404D402A22E9E20018FBF9 /* MVVMTests.swift */; };
		C1404D4B2A22E9E20018FBF9 /* MVVMUITests.swift in Sources */ = {isa = PBXBuildFile; fileRef = C1404D4A2A22E9E20018FBF9 /* MVVMUITests.swift */; };
		C1404D4D2A22E9E20018FBF9 /* MVVMUITestsLaunchTests.swift in Sources */ = {isa = PBXBuildFile; fileRef = C1404D4C2A22E9E20018FBF9 /* MVVMUITestsLaunchTests.swift */; };
		C1404D5A2A22EA1A0018FBF9 /* Models.swift in Sources */ = {isa = PBXBuildFile; fileRef = C1404D592A22EA1A0018FBF9 /* Models.swift */; };
		C1404D5C2A22EA350018FBF9 /* ViewModel.swift in Sources */ = {isa = PBXBuildFile; fileRef = C1404D5B2A22EA350018FBF9 /* ViewModel.swift */; };
/* End PBXBuildFile section */

/* Begin PBXContainerItemProxy section */
		C1404D3D2A22E9E20018FBF9 /* PBXContainerItemProxy */ = {
			isa = PBXContainerItemProxy;
			containerPortal = C1404D242A22E9E10018FBF9 /* Project object */;
			proxyType = 1;
			remoteGlobalIDString = C1404D2B2A22E9E10018FBF9;
			remoteInfo = MVVM;
		};
		C1404D472A22E9E20018FBF9 /* PBXContainerItemProxy */ = {
			isa = PBXContainerItemProxy;
			containerPortal = C1404D242A22E9E10018FBF9 /* Project object */;
			proxyType = 1;
			remoteGlobalIDString = C1404D2B2A22E9E10018FBF9;
			remoteInfo = MVVM;
		};
/* End PBXContainerItemProxy section */

/* Begin PBXFileReference section */
		C1404D2C2A22E9E10018FBF9 /* MVVM.app */ = {isa = PBXFileReference; explicitFileType = wrapper.application; includeInIndex = 0; path = MVVM.app; sourceTree = BUILT_PRODUCTS_DIR; };
		C1404D2F2A22E9E10018FBF9 /* MVVMApp.swift */ = {isa = PBXFileReference; lastKnownFileType = sourcecode.swift; path = MVVMApp.swift; sourceTree = "<group>"; };
		C1404D312A22E9E10018FBF9 /* ContentView.swift */ = {isa = PBXFileReference; lastKnownFileType = sourcecode.swift; path = ContentView.swift; sourceTree = "<group>"; };
		C1404D332A22E9E20018FBF9 /* Assets.xcassets */ = {isa = PBXFileReference; lastKnownFileType = folder.assetcatalog; path = Assets.xcassets; sourceTree = "<group>"; };
		C1404D362A22E9E20018FBF9 /* Preview Assets.xcassets */ = {isa = PBXFileReference; lastKnownFileType = folder.assetcatalog; path = "Preview Assets.xcassets"; sourceTree = "<group>"; };
		C1404D3C2A22E9E20018FBF9 /* MVVMTests.xctest */ = {isa = PBXFileReference; explicitFileType = wrapper.cfbundle; includeInIndex = 0; path = MVVMTests.xctest; sourceTree = BUILT_PRODUCTS_DIR; };
		C1404D402A22E9E20018FBF9 /* MVVMTests.swift */ = {isa = PBXFileReference; lastKnownFileType = sourcecode.swift; path = MVVMTests.swift; sourceTree = "<group>"; };
		C1404D462A22E9E20018FBF9 /* MVVMUITests.xctest */ = {isa = PBXFileReference; explicitFileType = wrapper.cfbundle; includeInIndex = 0; path = MVVMUITests.xctest; sourceTree = BUILT_PRODUCTS_DIR; };
		C1404D4A2A22E9E20018FBF9 /* MVVMUITests.swift */ = {isa = PBXFileReference; lastKnownFileType = sourcecode.swift; path = MVVMUITests.swift; sourceTree = "<group>"; };
		C1404D4C2A22E9E20018FBF9 /* MVVMUITestsLaunchTests.swift */ = {isa = PBXFileReference; lastKnownFileType = sourcecode.swift; path = MVVMUITestsLaunchTests.swift; sourceTree = "<group>"; };
		C1404D592A22EA1A0018FBF9 /* Models.swift */ = {isa = PBXFileReference; lastKnownFileType = sourcecode.swift; path = Models.swift; sourceTree = "<group>"; };
		C1404D5B2A22EA350018FBF9 /* ViewModel.swift */ = {isa = PBXFileReference; lastKnownFileType = sourcecode.swift; path = ViewModel.swift; sourceTree = "<group>"; };
/* End PBXFileReference section */

/* Begin PBXFrameworksBuildPhase section */
		C1404D292A22E9E10018FBF9 /* Frameworks */ = {
			isa = PBXFrameworksBuildPhase;
			buildActionMask = 2147483647;
			files = (
			);
			runOnlyForDeploymentPostprocessing = 0;
		};
		C1404D392A22E9E20018FBF9 /* Frameworks */ = {
			isa = PBXFrameworksBuildPhase;
			buildActionMask = 2147483647;
			files = (
			);
			runOnlyForDeploymentPostprocessing = 0;
		};
		C1404D432A22E9E20018FBF9 /* Frameworks */ = {
			isa = PBXFrameworksBuildPhase;
			buildActionMask = 2147483647;
			files = (
			);
			runOnlyForDeploymentPostprocessing = 0;
		};
/* End PBXFrameworksBuildPhase section */

/* Begin PBXGroup section */
		C1404D232A22E9E10018FBF9 = {
			isa = PBXGroup;
			children = (
				C1404D2E2A22E9E10018FBF9 /* MVVM */,
				C1404D3F2A22E9E20018FBF9 /* MVVMTests */,
				C1404D492A22E9E20018FBF9 /* MVVMUITests */,
				C1404D2D2A22E9E10018FBF9 /* Products */,
			);
			sourceTree = "<group>";
		};
		C1404D2D2A22E9E10018FBF9 /* Products */ = {
			isa = PBXGroup;
			children = (
				C1404D2C2A22E9E10018FBF9 /* MVVM.app */,
				C1404D3C2A22E9E20018FBF9 /* MVVMTests.xctest */,
				C1404D462A22E9E20018FBF9 /* MVVMUITests.xctest */,
			);
			name = Products;
			sourceTree = "<group>";
		};
		C1404D2E2A22E9E10018FBF9 /* MVVM */ = {
			isa = PBXGroup;
			children = (
				C1404D2F2A22E9E10018FBF9 /* MVVMApp.swift */,
				C1404D312A22E9E10018FBF9 /* ContentView.swift */,
				C1404D332A22E9E20018FBF9 /* Assets.xcassets */,
				C1404D352A22E9E20018FBF9 /* Preview Content */,
				C1404D592A22EA1A0018FBF9 /* Models.swift */,
				C1404D5B2A22EA350018FBF9 /* ViewModel.swift */,
			);
			path = MVVM;
			sourceTree = "<group>";
		};
		C1404D352A22E9E20018FBF9 /* Preview Content */ = {
			isa = PBXGroup;
			children = (
				C1404D362A22E9E20018FBF9 /* Preview Assets.xcassets */,
			);
			path = "Preview Content";
			sourceTree = "<group>";
		};
		C1404D3F2A22E9E20018FBF9 /* MVVMTests */ = {
			isa = PBXGroup;
			children = (
				C1404D402A22E9E20018FBF9 /* MVVMTests.swift */,
			);
			path = MVVMTests;
			sourceTree = "<group>";
		};
		C1404D492A22E9E20018FBF9 /* MVVMUITests */ = {
			isa = PBXGroup;
			children = (
				C1404D4A2A22E9E20018FBF9 /* MVVMUITests.swift */,
				C1404D4C2A22E9E20018FBF9 /* MVVMUITestsLaunchTests.swift */,
			);
			path = MVVMUITests;
			sourceTree = "<group>";
		};
/* End PBXGroup section */

/* Begin PBXNativeTarget section */
		C1404D2B2A22E9E10018FBF9 /* MVVM */ = {
			isa = PBXNativeTarget;
			buildConfigurationList = C1404D502A22E9E20018FBF9 /* Build configuration list for PBXNativeTarget "MVVM" */;
			buildPhases = (
				C1404D282A22E9E10018FBF9 /* Sources */,
				C1404D292A22E9E10018FBF9 /* Frameworks */,
				C1404D2A2A22E9E10018FBF9 /* Resources */,
			);
			buildRules = (
			);
			dependencies = (
			);
			name = MVVM;
			productName = MVVM;
			productReference = C1404D2C2A22E9E10018FBF9 /* MVVM.app */;
			productType = "com.apple.product-type.application";
		};
		C1404D3B2A22E9E20018FBF9 /* MVVMTests */ = {
			isa = PBXNativeTarget;
			buildConfigurationList = C1404D532A22E9E20018FBF9 /* Build configuration list for PBXNativeTarget "MVVMTests" */;
			buildPhases = (
				C1404D382A22E9E20018FBF9 /* Sources */,
				C1404D392A22E9E20018FBF9 /* Frameworks */,
				C1404D3A2A22E9E20018FBF9 /* Resources */,
			);
			buildRules = (
			);
			dependencies = (
				C1404D3E2A22E9E20018FBF9 /* PBXTargetDependency */,
			);
			name = MVVMTests;
			productName = MVVMTests;
			productReference = C1404D3C2A22E9E20018FBF9 /* MVVMTests.xctest */;
			productType = "com.apple.product-type.bundle.unit-test";
		};
		C1404D452A22E9E20018FBF9 /* MVVMUITests */ = {
			isa = PBXNativeTarget;
			buildConfigurationList = C1404D562A22E9E20018FBF9 /* Build configuration list for PBXNativeTarget "MVVMUITests" */;
			buildPhases = (
				C1404D422A22E9E20018FBF9 /* Sources */,
				C1404D432A22E9E20018FBF9 /* Frameworks */,
				C1404D442A22E9E20018FBF9 /* Resources */,
			);
			buildRules = (
			);
			dependencies = (
				C1404D482A22E9E20018FBF9 /* PBXTargetDependency */,
			);
			name = MVVMUITests;
			productName = MVVMUITests;
			productReference = C1404D462A22E9E20018FBF9 /* MVVMUITests.xctest */;
			productType = "com.apple.product-type.bundle.ui-testing";
		};
/* End PBXNativeTarget section */

/* Begin PBXProject section */
		C1404D242A22E9E10018FBF9 /* Project object */ = {
			isa = PBXProject;
			attributes = {
				BuildIndependentTargetsInParallel = 1;
				LastSwiftUpdateCheck = 1420;
				LastUpgradeCheck = 1420;
				TargetAttributes = {
					C1404D2B2A22E9E10018FBF9 = {
						CreatedOnToolsVersion = 14.2;
					};
					C1404D3B2A22E9E20018FBF9 = {
						CreatedOnToolsVersion = 14.2;
						TestTargetID = C1404D2B2A22E9E10018FBF9;
					};
					C1404D452A22E9E20018FBF9 = {
						CreatedOnToolsVersion = 14.2;
						TestTargetID = C1404D2B2A22E9E10018FBF9;
					};
				};
			};
			buildConfigurationList = C1404D272A22E9E10018FBF9 /* Build configuration list for PBXProject "MVVM" */;
			compatibilityVersion = "Xcode 14.0";
			developmentRegion = en;
			hasScannedForEncodings = 0;
			knownRegions = (
				en,
				Base,
			);
			mainGroup = C1404D232A22E9E10018FBF9;
			productRefGroup = C1404D2D2A22E9E10018FBF9 /* Products */;
			projectDirPath = "";
			projectRoot = "";
			targets = (
				C1404D2B2A22E9E10018FBF9 /* MVVM */,
				C1404D3B2A22E9E20018FBF9 /* MVVMTests */,
				C1404D452A22E9E20018FBF9 /* MVVMUITests */,
			);
		};
/* End PBXProject section */

/* Begin PBXResourcesBuildPhase section */
		C1404D2A2A22E9E10018FBF9 /* Resources */ = {
			isa = PBXResourcesBuildPhase;
			buildActionMask = 2147483647;
			files = (
				C1404D372A22E9E20018FBF9 /* Preview Assets.xcassets in Resources */,
				C1404D342A22E9E20018FBF9 /* Assets.xcassets in Resources */,
			);
			runOnlyForDeploymentPostprocessing = 0;
		};
		C1404D3A2A22E9E20018FBF9 /* Resources */ = {
			isa = PBXResourcesBuildPhase;
			buildActionMask = 2147483647;
			files = (
			);
			runOnlyForDeploymentPostprocessing = 0;
		};
		C1404D442A22E9E20018FBF9 /* Resources */ = {
			isa = PBXResourcesBuildPhase;
			buildActionMask = 2147483647;
			files = (
			);
			runOnlyForDeploymentPostprocessing = 0;
		};
/* End PBXResourcesBuildPhase section */

/* Begin PBXSourcesBuildPhase section */
		C1404D282A22E9E10018FBF9 /* Sources */ = {
			isa = PBXSourcesBuildPhase;
			buildActionMask = 2147483647;
			files = (
				C1404D5A2A22EA1A0018FBF9 /* Models.swift in Sources */,
				C1404D322A22E9E10018FBF9 /* ContentView.swift in Sources */,
				C1404D5C2A22EA350018FBF9 /* ViewModel.swift in Sources */,
				C1404D302A22E9E10018FBF9 /* MVVMApp.swift in Sources */,
			);
			runOnlyForDeploymentPostprocessing = 0;
		};
		C1404D382A22E9E20018FBF9 /* Sources */ = {
			isa = PBXSourcesBuildPhase;
			buildActionMask = 2147483647;
			files = (
				C1404D412A22E9E20018FBF9 /* MVVMTests.swift in Sources */,
			);
			runOnlyForDeploymentPostprocessing = 0;
		};
		C1404D422A22E9E20018FBF9 /* Sources */ = {
			isa = PBXSourcesBuildPhase;
			buildActionMask = 2147483647;
			files = (
				C1404D4D2A22E9E20018FBF9 /* MVVMUITestsLaunchTests.swift in Sources */,
				C1404D4B2A22E9E20018FBF9 /* MVVMUITests.swift in Sources */,
			);
			runOnlyForDeploymentPostprocessing = 0;
		};
/* End PBXSourcesBuildPhase section */

/* Begin PBXTargetDependency section */
		C1404D3E2A22E9E20018FBF9 /* PBXTargetDependency */ = {
			isa = PBXTargetDependency;
			target = C1404D2B2A22E9E10018FBF9 /* MVVM */;
			targetProxy = C1404D3D2A22E9E20018FBF9 /* PBXContainerItemProxy */;
		};
		C1404D482A22E9E20018FBF9 /* PBXTargetDependency */ = {
			isa = PBXTargetDependency;
			target = C1404D2B2A22E9E10018FBF9 /* MVVM */;
			targetProxy = C1404D472A22E9E20018FBF9 /* PBXContainerItemProxy */;
		};
/* End PBXTargetDependency section */

/* Begin XCBuildConfiguration section */
		C1404D4E2A22E9E20018FBF9 /* Debug */ = {
			isa = XCBuildConfiguration;
			buildSettings = {
				ALWAYS_SEARCH_USER_PATHS = NO;
				CLANG_ANALYZER_NONNULL = YES;
				CLANG_ANALYZER_NUMBER_OBJECT_CONVERSION = YES_AGGRESSIVE;
				CLANG_CXX_LANGUAGE_STANDARD = "gnu++20";
				CLANG_ENABLE_MODULES = YES;
				CLANG_ENABLE_OBJC_ARC = YES;
				CLANG_ENABLE_OBJC_WEAK = YES;
				CLANG_WARN_BLOCK_CAPTURE_AUTORELEASING = YES;
				CLANG_WARN_BOOL_CONVERSION = YES;
				CLANG_WARN_COMMA = YES;
				CLANG_WARN_CONSTANT_CONVERSION = YES;
				CLANG_WARN_DEPRECATED_OBJC_IMPLEMENTATIONS = YES;
				CLANG_WARN_DIRECT_OBJC_ISA_USAGE = YES_ERROR;
				CLANG_WARN_DOCUMENTATION_COMMENTS = YES;
				CLANG_WARN_EMPTY_BODY = YES;
				CLANG_WARN_ENUM_CONVERSION = YES;
				CLANG_WARN_INFINITE_RECURSION = YES;
				CLANG_WARN_INT_CONVERSION = YES;
				CLANG_WARN_NON_LITERAL_NULL_CONVERSION = YES;
				CLANG_WARN_OBJC_IMPLICIT_RETAIN_SELF = YES;
				CLANG_WARN_OBJC_LITERAL_CONVERSION = YES;
				CLANG_WARN_OBJC_ROOT_CLASS = YES_ERROR;
				CLANG_WARN_QUOTED_INCLUDE_IN_FRAMEWORK_HEADER = YES;
				CLANG_WARN_RANGE_LOOP_ANALYSIS = YES;
				CLANG_WARN_STRICT_PROTOTYPES = YES;
				CLANG_WARN_SUSPICIOUS_MOVE = YES;
				CLANG_WARN_UNGUARDED_AVAILABILITY = YES_AGGRESSIVE;
				CLANG_WARN_UNREACHABLE_CODE = YES;
				CLANG_WARN__DUPLICATE_METHOD_MATCH = YES;
				COPY_PHASE_STRIP = NO;
				DEBUG_INFORMATION_FORMAT = dwarf;
				ENABLE_STRICT_OBJC_MSGSEND = YES;
				ENABLE_TESTABILITY = YES;
				GCC_C_LANGUAGE_STANDARD = gnu11;
				GCC_DYNAMIC_NO_PIC = NO;
				GCC_NO_COMMON_BLOCKS = YES;
				GCC_OPTIMIZATION_LEVEL = 0;
				GCC_PREPROCESSOR_DEFINITIONS = (
					"DEBUG=1",
					"$(inherited)",
				);
				GCC_WARN_64_TO_32_BIT_CONVERSION = YES;
				GCC_WARN_ABOUT_RETURN_TYPE = YES_ERROR;
				GCC_WARN_UNDECLARED_SELECTOR = YES;
				GCC_WARN_UNINITIALIZED_AUTOS = YES_AGGRESSIVE;
				GCC_WARN_UNUSED_FUNCTION = YES;
				GCC_WARN_UNUSED_VARIABLE = YES;
				IPHONEOS_DEPLOYMENT_TARGET = 16.2;
				MTL_ENABLE_DEBUG_INFO = INCLUDE_SOURCE;
				MTL_FAST_MATH = YES;
				ONLY_ACTIVE_ARCH = YES;
				SDKROOT = iphoneos;
				SWIFT_ACTIVE_COMPILATION_CONDITIONS = DEBUG;
				SWIFT_OPTIMIZATION_LEVEL = "-Onone";
			};
			name = Debug;
		};
		C1404D4F2A22E9E20018FBF9 /* Release */ = {
			isa = XCBuildConfiguration;
			buildSettings = {
				ALWAYS_SEARCH_USER_PATHS = NO;
				CLANG_ANALYZER_NONNULL = YES;
				CLANG_ANALYZER_NUMBER_OBJECT_CONVERSION = YES_AGGRESSIVE;
				CLANG_CXX_LANGUAGE_STANDARD = "gnu++20";
				CLANG_ENABLE_MODULES = YES;
				CLANG_ENABLE_OBJC_ARC = YES;
				CLANG_ENABLE_OBJC_WEAK = YES;
				CLANG_WARN_BLOCK_CAPTURE_AUTORELEASING = YES;
				CLANG_WARN_BOOL_CONVERSION = YES;
				CLANG_WARN_COMMA = YES;
				CLANG_WARN_CONSTANT_CONVERSION = YES;
				CLANG_WARN_DEPRECATED_OBJC_IMPLEMENTATIONS = YES;
				CLANG_WARN_DIRECT_OBJC_ISA_USAGE = YES_ERROR;
				CLANG_WARN_DOCUMENTATION_COMMENTS = YES;
				CLANG_WARN_EMPTY_BODY = YES;
				CLANG_WARN_ENUM_CONVERSION = YES;
				CLANG_WARN_INFINITE_RECURSION = YES;
				CLANG_WARN_INT_CONVERSION = YES;
				CLANG_WARN_NON_LITERAL_NULL_CONVERSION = YES;
				CLANG_WARN_OBJC_IMPLICIT_RETAIN_SELF = YES;
				CLANG_WARN_OBJC_LITERAL_CONVERSION = YES;
				CLANG_WARN_OBJC_ROOT_CLASS = YES_ERROR;
				CLANG_WARN_QUOTED_INCLUDE_IN_FRAMEWORK_HEADER = YES;
				CLANG_WARN_RANGE_LOOP_ANALYSIS = YES;
				CLANG_WARN_STRICT_PROTOTYPES = YES;
				CLANG_WARN_SUSPICIOUS_MOVE = YES;
				CLANG_WARN_UNGUARDED_AVAILABILITY = YES_AGGRESSIVE;
				CLANG_WARN_UNREACHABLE_CODE = YES;
				CLANG_WARN__DUPLICATE_METHOD_MATCH = YES;
				COPY_PHASE_STRIP = NO;
				DEBUG_INFORMATION_FORMAT = "dwarf-with-dsym";
				ENABLE_NS_ASSERTIONS = NO;
				ENABLE_STRICT_OBJC_MSGSEND = YES;
				GCC_C_LANGUAGE_STANDARD = gnu11;
				GCC_NO_COMMON_BLOCKS = YES;
				GCC_WARN_64_TO_32_BIT_CONVERSION = YES;
				GCC_WARN_ABOUT_RETURN_TYPE = YES_ERROR;
				GCC_WARN_UNDECLARED_SELECTOR = YES;
				GCC_WARN_UNINITIALIZED_AUTOS = YES_AGGRESSIVE;
				GCC_WARN_UNUSED_FUNCTION = YES;
				GCC_WARN_UNUSED_VARIABLE = YES;
				IPHONEOS_DEPLOYMENT_TARGET = 16.2;
				MTL_ENABLE_DEBUG_INFO = NO;
				MTL_FAST_MATH = YES;
				SDKROOT = iphoneos;
				SWIFT_COMPILATION_MODE = wholemodule;
				SWIFT_OPTIMIZATION_LEVEL = "-O";
				VALIDATE_PRODUCT = YES;
			};
			name = Release;
		};
		C1404D512A22E9E20018FBF9 /* Debug */ = {
			isa = XCBuildConfiguration;
			buildSettings = {
				ASSETCATALOG_COMPILER_APPICON_NAME = AppIcon;
				ASSETCATALOG_COMPILER_GLOBAL_ACCENT_COLOR_NAME = AccentColor;
				CODE_SIGN_STYLE = Automatic;
				CURRENT_PROJECT_VERSION = 1;
				DEVELOPMENT_ASSET_PATHS = "\"MVVM/Preview Content\"";
				ENABLE_PREVIEWS = YES;
				GENERATE_INFOPLIST_FILE = YES;
				INFOPLIST_KEY_UIApplicationSceneManifest_Generation = YES;
				INFOPLIST_KEY_UIApplicationSupportsIndirectInputEvents = YES;
				INFOPLIST_KEY_UILaunchScreen_Generation = YES;
				INFOPLIST_KEY_UISupportedInterfaceOrientations_iPad = "UIInterfaceOrientationPortrait UIInterfaceOrientationPortraitUpsideDown UIInterfaceOrientationLandscapeLeft UIInterfaceOrientationLandscapeRight";
				INFOPLIST_KEY_UISupportedInterfaceOrientations_iPhone = "UIInterfaceOrientationPortrait UIInterfaceOrientationLandscapeLeft UIInterfaceOrientationLandscapeRight";
				LD_RUNPATH_SEARCH_PATHS = (
					"$(inherited)",
					"@executable_path/Frameworks",
				);
				MARKETING_VERSION = 1.0;
				PRODUCT_BUNDLE_IDENTIFIER = "GYURI-PARK.MVVM";
				PRODUCT_NAME = "$(TARGET_NAME)";
				SWIFT_EMIT_LOC_STRINGS = YES;
				SWIFT_VERSION = 5.0;
				TARGETED_DEVICE_FAMILY = "1,2";
			};
			name = Debug;
		};
		C1404D522A22E9E20018FBF9 /* Release */ = {
			isa = XCBuildConfiguration;
			buildSettings = {
				ASSETCATALOG_COMPILER_APPICON_NAME = AppIcon;
				ASSETCATALOG_COMPILER_GLOBAL_ACCENT_COLOR_NAME = AccentColor;
				CODE_SIGN_STYLE = Automatic;
				CURRENT_PROJECT_VERSION = 1;
				DEVELOPMENT_ASSET_PATHS = "\"MVVM/Preview Content\"";
				ENABLE_PREVIEWS = YES;
				GENERATE_INFOPLIST_FILE = YES;
				INFOPLIST_KEY_UIApplicationSceneManifest_Generation = YES;
				INFOPLIST_KEY_UIApplicationSupportsIndirectInputEvents = YES;
				INFOPLIST_KEY_UILaunchScreen_Generation = YES;
				INFOPLIST_KEY_UISupportedInterfaceOrientations_iPad = "UIInterfaceOrientationPortrait UIInterfaceOrientationPortraitUpsideDown UIInterfaceOrientationLandscapeLeft UIInterfaceOrientationLandscapeRight";
				INFOPLIST_KEY_UISupportedInterfaceOrientations_iPhone = "UIInterfaceOrientationPortrait UIInterfaceOrientationLandscapeLeft UIInterfaceOrientationLandscapeRight";
				LD_RUNPATH_SEARCH_PATHS = (
					"$(inherited)",
					"@executable_path/Frameworks",
				);
				MARKETING_VERSION = 1.0;
				PRODUCT_BUNDLE_IDENTIFIER = "GYURI-PARK.MVVM";
				PRODUCT_NAME = "$(TARGET_NAME)";
				SWIFT_EMIT_LOC_STRINGS = YES;
				SWIFT_VERSION = 5.0;
				TARGETED_DEVICE_FAMILY = "1,2";
			};
			name = Release;
		};
		C1404D542A22E9E20018FBF9 /* Debug */ = {
			isa = XCBuildConfiguration;
			buildSettings = {
				ALWAYS_EMBED_SWIFT_STANDARD_LIBRARIES = YES;
				BUNDLE_LOADER = "$(TEST_HOST)";
				CODE_SIGN_STYLE = Automatic;
				CURRENT_PROJECT_VERSION = 1;
				GENERATE_INFOPLIST_FILE = YES;
				IPHONEOS_DEPLOYMENT_TARGET = 16.2;
				MARKETING_VERSION = 1.0;
				PRODUCT_BUNDLE_IDENTIFIER = "GYURI-PARK.MVVMTests";
				PRODUCT_NAME = "$(TARGET_NAME)";
				SWIFT_EMIT_LOC_STRINGS = NO;
				SWIFT_VERSION = 5.0;
				TARGETED_DEVICE_FAMILY = "1,2";
				TEST_HOST = "$(BUILT_PRODUCTS_DIR)/MVVM.app/$(BUNDLE_EXECUTABLE_FOLDER_PATH)/MVVM";
			};
			name = Debug;
		};
		C1404D552A22E9E20018FBF9 /* Release */ = {
			isa = XCBuildConfiguration;
			buildSettings = {
				ALWAYS_EMBED_SWIFT_STANDARD_LIBRARIES = YES;
				BUNDLE_LOADER = "$(TEST_HOST)";
				CODE_SIGN_STYLE = Automatic;
				CURRENT_PROJECT_VERSION = 1;
				GENERATE_INFOPLIST_FILE = YES;
				IPHONEOS_DEPLOYMENT_TARGET = 16.2;
				MARKETING_VERSION = 1.0;
				PRODUCT_BUNDLE_IDENTIFIER = "GYURI-PARK.MVVMTests";
				PRODUCT_NAME = "$(TARGET_NAME)";
				SWIFT_EMIT_LOC_STRINGS = NO;
				SWIFT_VERSION = 5.0;
				TARGETED_DEVICE_FAMILY = "1,2";
				TEST_HOST = "$(BUILT_PRODUCTS_DIR)/MVVM.app/$(BUNDLE_EXECUTABLE_FOLDER_PATH)/MVVM";
			};
			name = Release;
		};
		C1404D572A22E9E20018FBF9 /* Debug */ = {
			isa = XCBuildConfiguration;
			buildSettings = {
				ALWAYS_EMBED_SWIFT_STANDARD_LIBRARIES = YES;
				CODE_SIGN_STYLE = Automatic;
				CURRENT_PROJECT_VERSION = 1;
				GENERATE_INFOPLIST_FILE = YES;
				MARKETING_VERSION = 1.0;
				PRODUCT_BUNDLE_IDENTIFIER = "GYURI-PARK.MVVMUITests";
				PRODUCT_NAME = "$(TARGET_NAME)";
				SWIFT_EMIT_LOC_STRINGS = NO;
				SWIFT_VERSION = 5.0;
				TARGETED_DEVICE_FAMILY = "1,2";
				TEST_TARGET_NAME = MVVM;
			};
			name = Debug;
		};
		C1404D582A22E9E20018FBF9 /* Release */ = {
			isa = XCBuildConfiguration;
			buildSettings = {
				ALWAYS_EMBED_SWIFT_STANDARD_LIBRARIES = YES;
				CODE_SIGN_STYLE = Automatic;
				CURRENT_PROJECT_VERSION = 1;
				GENERATE_INFOPLIST_FILE = YES;
				MARKETING_VERSION = 1.0;
				PRODUCT_BUNDLE_IDENTIFIER = "GYURI-PARK.MVVMUITests";
				PRODUCT_NAME = "$(TARGET_NAME)";
				SWIFT_EMIT_LOC_STRINGS = NO;
				SWIFT_VERSION = 5.0;
				TARGETED_DEVICE_FAMILY = "1,2";
				TEST_TARGET_NAME = MVVM;
			};
			name = Release;
		};
/* End XCBuildConfiguration section */

/* Begin XCConfigurationList section */
		C1404D272A22E9E10018FBF9 /* Build configuration list for PBXProject "MVVM" */ = {
			isa = XCConfigurationList;
			buildConfigurations = (
				C1404D4E2A22E9E20018FBF9 /* Debug */,
				C1404D4F2A22E9E20018FBF9 /* Release */,
			);
			defaultConfigurationIsVisible = 0;
			defaultConfigurationName = Release;
		};
		C1404D502A22E9E20018FBF9 /* Build configuration list for PBXNativeTarget "MVVM" */ = {
			isa = XCConfigurationList;
			buildConfigurations = (
				C1404D512A22E9E20018FBF9 /* Debug */,
				C1404D522A22E9E20018FBF9 /* Release */,
			);
			defaultConfigurationIsVisible = 0;
			defaultConfigurationName = Release;
		};
		C1404D532A22E9E20018FBF9 /* Build configuration list for PBXNativeTarget "MVVMTests" */ = {
			isa = XCConfigurationList;
			buildConfigurations = (
				C1404D542A22E9E20018FBF9 /* Debug */,
				C1404D552A22E9E20018FBF9 /* Release */,
			);
			defaultConfigurationIsVisible = 0;
			defaultConfigurationName = Release;
		};
		C1404D562A22E9E20018FBF9 /* Build configuration list for PBXNativeTarget "MVVMUITests" */ = {
			isa = XCConfigurationList;
			buildConfigurations = (
				C1404D572A22E9E20018FBF9 /* Debug */,
				C1404D582A22E9E20018FBF9 /* Release */,
			);
			defaultConfigurationIsVisible = 0;
			defaultConfigurationName = Release;
		};
/* End XCConfigurationList section */
	};
	rootObject = C1404D242A22E9E10018FBF9 /* Project object */;
}
