// !$*UTF8*$!
{
	archiveVersion = 1;
	classes = {
	};
	objectVersion = 56;
	objects = {

/* Begin PBXBuildFile section */
		C1ACB3A62A5946490034312E /* ItunesAPIApp.swift in Sources */ = {isa = PBXBuildFile; fileRef = C1ACB3A52A5946490034312E /* ItunesAPIApp.swift */; };
		C1ACB3A82A5946490034312E /* ContentView.swift in Sources */ = {isa = PBXBuildFile; fileRef = C1ACB3A72A5946490034312E /* ContentView.swift */; };
		C1ACB3AA2A59464A0034312E /* Assets.xcassets in Resources */ = {isa = PBXBuildFile; fileRef = C1ACB3A92A59464A0034312E /* Assets.xcassets */; };
		C1ACB3AD2A59464A0034312E /* Preview Assets.xcassets in Resources */ = {isa = PBXBuildFile; fileRef = C1ACB3AC2A59464A0034312E /* Preview Assets.xcassets */; };
		C1ACB3B72A5946B70034312E /* Album.swift in Sources */ = {isa = PBXBuildFile; fileRef = C1ACB3B62A5946B70034312E /* Album.swift */; };
		C1ACB3B92A5946F90034312E /* AlbumListViewModel.swift in Sources */ = {isa = PBXBuildFile; fileRef = C1ACB3B82A5946F90034312E /* AlbumListViewModel.swift */; };
		C1ACB3BB2A5949BE0034312E /* Song.swift in Sources */ = {isa = PBXBuildFile; fileRef = C1ACB3BA2A5949BE0034312E /* Song.swift */; };
		C1ACB3BD2A594C6F0034312E /* AlbumListView.swift in Sources */ = {isa = PBXBuildFile; fileRef = C1ACB3BC2A594C6F0034312E /* AlbumListView.swift */; };
/* End PBXBuildFile section */

/* Begin PBXFileReference section */
		C1ACB3A22A5946490034312E /* ItunesAPI.app */ = {isa = PBXFileReference; explicitFileType = wrapper.application; includeInIndex = 0; path = ItunesAPI.app; sourceTree = BUILT_PRODUCTS_DIR; };
		C1ACB3A52A5946490034312E /* ItunesAPIApp.swift */ = {isa = PBXFileReference; lastKnownFileType = sourcecode.swift; path = ItunesAPIApp.swift; sourceTree = "<group>"; };
		C1ACB3A72A5946490034312E /* ContentView.swift */ = {isa = PBXFileReference; lastKnownFileType = sourcecode.swift; path = ContentView.swift; sourceTree = "<group>"; };
		C1ACB3A92A59464A0034312E /* Assets.xcassets */ = {isa = PBXFileReference; lastKnownFileType = folder.assetcatalog; path = Assets.xcassets; sourceTree = "<group>"; };
		C1ACB3AC2A59464A0034312E /* Preview Assets.xcassets */ = {isa = PBXFileReference; lastKnownFileType = folder.assetcatalog; path = "Preview Assets.xcassets"; sourceTree = "<group>"; };
		C1ACB3B62A5946B70034312E /* Album.swift */ = {isa = PBXFileReference; lastKnownFileType = sourcecode.swift; path = Album.swift; sourceTree = "<group>"; };
		C1ACB3B82A5946F90034312E /* AlbumListViewModel.swift */ = {isa = PBXFileReference; lastKnownFileType = sourcecode.swift; path = AlbumListViewModel.swift; sourceTree = "<group>"; };
		C1ACB3BA2A5949BE0034312E /* Song.swift */ = {isa = PBXFileReference; lastKnownFileType = sourcecode.swift; path = Song.swift; sourceTree = "<group>"; };
		C1ACB3BC2A594C6F0034312E /* AlbumListView.swift */ = {isa = PBXFileReference; lastKnownFileType = sourcecode.swift; path = AlbumListView.swift; sourceTree = "<group>"; };
/* End PBXFileReference section */

/* Begin PBXFrameworksBuildPhase section */
		C1ACB39F2A5946490034312E /* Frameworks */ = {
			isa = PBXFrameworksBuildPhase;
			buildActionMask = 2147483647;
			files = (
			);
			runOnlyForDeploymentPostprocessing = 0;
		};
/* End PBXFrameworksBuildPhase section */

/* Begin PBXGroup section */
		C1ACB3992A5946490034312E = {
			isa = PBXGroup;
			children = (
				C1ACB3A42A5946490034312E /* ItunesAPI */,
				C1ACB3A32A5946490034312E /* Products */,
			);
			sourceTree = "<group>";
		};
		C1ACB3A32A5946490034312E /* Products */ = {
			isa = PBXGroup;
			children = (
				C1ACB3A22A5946490034312E /* ItunesAPI.app */,
			);
			name = Products;
			sourceTree = "<group>";
		};
		C1ACB3A42A5946490034312E /* ItunesAPI */ = {
			isa = PBXGroup;
			children = (
				C1ACB3B52A5946AE0034312E /* view */,
				C1ACB3B42A5946A80034312E /* model */,
				C1ACB3B32A5946A00034312E /* viewmodel */,
				C1ACB3A52A5946490034312E /* ItunesAPIApp.swift */,
				C1ACB3A72A5946490034312E /* ContentView.swift */,
				C1ACB3A92A59464A0034312E /* Assets.xcassets */,
				C1ACB3AB2A59464A0034312E /* Preview Content */,
			);
			path = ItunesAPI;
			sourceTree = "<group>";
		};
		C1ACB3AB2A59464A0034312E /* Preview Content */ = {
			isa = PBXGroup;
			children = (
				C1ACB3AC2A59464A0034312E /* Preview Assets.xcassets */,
			);
			path = "Preview Content";
			sourceTree = "<group>";
		};
		C1ACB3B32A5946A00034312E /* viewmodel */ = {
			isa = PBXGroup;
			children = (
				C1ACB3B82A5946F90034312E /* AlbumListViewModel.swift */,
			);
			path = viewmodel;
			sourceTree = "<group>";
		};
		C1ACB3B42A5946A80034312E /* model */ = {
			isa = PBXGroup;
			children = (
				C1ACB3B62A5946B70034312E /* Album.swift */,
				C1ACB3BA2A5949BE0034312E /* Song.swift */,
			);
			path = model;
			sourceTree = "<group>";
		};
		C1ACB3B52A5946AE0034312E /* view */ = {
			isa = PBXGroup;
			children = (
				C1ACB3BC2A594C6F0034312E /* AlbumListView.swift */,
			);
			path = view;
			sourceTree = "<group>";
		};
/* End PBXGroup section */

/* Begin PBXNativeTarget section */
		C1ACB3A12A5946490034312E /* ItunesAPI */ = {
			isa = PBXNativeTarget;
			buildConfigurationList = C1ACB3B02A59464A0034312E /* Build configuration list for PBXNativeTarget "ItunesAPI" */;
			buildPhases = (
				C1ACB39E2A5946490034312E /* Sources */,
				C1ACB39F2A5946490034312E /* Frameworks */,
				C1ACB3A02A5946490034312E /* Resources */,
			);
			buildRules = (
			);
			dependencies = (
			);
			name = ItunesAPI;
			productName = ItunesAPI;
			productReference = C1ACB3A22A5946490034312E /* ItunesAPI.app */;
			productType = "com.apple.product-type.application";
		};
/* End PBXNativeTarget section */

/* Begin PBXProject section */
		C1ACB39A2A5946490034312E /* Project object */ = {
			isa = PBXProject;
			attributes = {
				BuildIndependentTargetsInParallel = 1;
				LastSwiftUpdateCheck = 1420;
				LastUpgradeCheck = 1420;
				TargetAttributes = {
					C1ACB3A12A5946490034312E = {
						CreatedOnToolsVersion = 14.2;
					};
				};
			};
			buildConfigurationList = C1ACB39D2A5946490034312E /* Build configuration list for PBXProject "ItunesAPI" */;
			compatibilityVersion = "Xcode 14.0";
			developmentRegion = en;
			hasScannedForEncodings = 0;
			knownRegions = (
				en,
				Base,
			);
			mainGroup = C1ACB3992A5946490034312E;
			productRefGroup = C1ACB3A32A5946490034312E /* Products */;
			projectDirPath = "";
			projectRoot = "";
			targets = (
				C1ACB3A12A5946490034312E /* ItunesAPI */,
			);
		};
/* End PBXProject section */

/* Begin PBXResourcesBuildPhase section */
		C1ACB3A02A5946490034312E /* Resources */ = {
			isa = PBXResourcesBuildPhase;
			buildActionMask = 2147483647;
			files = (
				C1ACB3AD2A59464A0034312E /* Preview Assets.xcassets in Resources */,
				C1ACB3AA2A59464A0034312E /* Assets.xcassets in Resources */,
			);
			runOnlyForDeploymentPostprocessing = 0;
		};
/* End PBXResourcesBuildPhase section */

/* Begin PBXSourcesBuildPhase section */
		C1ACB39E2A5946490034312E /* Sources */ = {
			isa = PBXSourcesBuildPhase;
			buildActionMask = 2147483647;
			files = (
				C1ACB3A82A5946490034312E /* ContentView.swift in Sources */,
				C1ACB3A62A5946490034312E /* ItunesAPIApp.swift in Sources */,
				C1ACB3BD2A594C6F0034312E /* AlbumListView.swift in Sources */,
				C1ACB3B72A5946B70034312E /* Album.swift in Sources */,
				C1ACB3B92A5946F90034312E /* AlbumListViewModel.swift in Sources */,
				C1ACB3BB2A5949BE0034312E /* Song.swift in Sources */,
			);
			runOnlyForDeploymentPostprocessing = 0;
		};
/* End PBXSourcesBuildPhase section */

/* Begin XCBuildConfiguration section */
		C1ACB3AE2A59464A0034312E /* Debug */ = {
			isa = XCBuildConfiguration;
			buildSettings = {
				ALWAYS_SEARCH_USER_PATHS = NO;
				CLANG_ANALYZER_NONNULL = YES;
				CLANG_ANALYZER_NUMBER_OBJECT_CONVERSION = YES_AGGRESSIVE;
				CLANG_CXX_LANGUAGE_STANDARD = "gnu++20";
				CLANG_ENABLE_MODULES = YES;
				CLANG_ENABLE_OBJC_ARC = YES;
				CLANG_ENABLE_OBJC_WEAK = YES;
				CLANG_WARN_BLOCK_CAPTURE_AUTORELEASING = YES;
				CLANG_WARN_BOOL_CONVERSION = YES;
				CLANG_WARN_COMMA = YES;
				CLANG_WARN_CONSTANT_CONVERSION = YES;
				CLANG_WARN_DEPRECATED_OBJC_IMPLEMENTATIONS = YES;
				CLANG_WARN_DIRECT_OBJC_ISA_USAGE = YES_ERROR;
				CLANG_WARN_DOCUMENTATION_COMMENTS = YES;
				CLANG_WARN_EMPTY_BODY = YES;
				CLANG_WARN_ENUM_CONVERSION = YES;
				CLANG_WARN_INFINITE_RECURSION = YES;
				CLANG_WARN_INT_CONVERSION = YES;
				CLANG_WARN_NON_LITERAL_NULL_CONVERSION = YES;
				CLANG_WARN_OBJC_IMPLICIT_RETAIN_SELF = YES;
				CLANG_WARN_OBJC_LITERAL_CONVERSION = YES;
				CLANG_WARN_OBJC_ROOT_CLASS = YES_ERROR;
				CLANG_WARN_QUOTED_INCLUDE_IN_FRAMEWORK_HEADER = YES;
				CLANG_WARN_RANGE_LOOP_ANALYSIS = YES;
				CLANG_WARN_STRICT_PROTOTYPES = YES;
				CLANG_WARN_SUSPICIOUS_MOVE = YES;
				CLANG_WARN_UNGUARDED_AVAILABILITY = YES_AGGRESSIVE;
				CLANG_WARN_UNREACHABLE_CODE = YES;
				CLANG_WARN__DUPLICATE_METHOD_MATCH = YES;
				COPY_PHASE_STRIP = NO;
				DEBUG_INFORMATION_FORMAT = dwarf;
				ENABLE_STRICT_OBJC_MSGSEND = YES;
				ENABLE_TESTABILITY = YES;
				GCC_C_LANGUAGE_STANDARD = gnu11;
				GCC_DYNAMIC_NO_PIC = NO;
				GCC_NO_COMMON_BLOCKS = YES;
				GCC_OPTIMIZATION_LEVEL = 0;
				GCC_PREPROCESSOR_DEFINITIONS = (
					"DEBUG=1",
					"$(inherited)",
				);
				GCC_WARN_64_TO_32_BIT_CONVERSION = YES;
				GCC_WARN_ABOUT_RETURN_TYPE = YES_ERROR;
				GCC_WARN_UNDECLARED_SELECTOR = YES;
				GCC_WARN_UNINITIALIZED_AUTOS = YES_AGGRESSIVE;
				GCC_WARN_UNUSED_FUNCTION = YES;
				GCC_WARN_UNUSED_VARIABLE = YES;
				IPHONEOS_DEPLOYMENT_TARGET = 16.2;
				MTL_ENABLE_DEBUG_INFO = INCLUDE_SOURCE;
				MTL_FAST_MATH = YES;
				ONLY_ACTIVE_ARCH = YES;
				SDKROOT = iphoneos;
				SWIFT_ACTIVE_COMPILATION_CONDITIONS = DEBUG;
				SWIFT_OPTIMIZATION_LEVEL = "-Onone";
			};
			name = Debug;
		};
		C1ACB3AF2A59464A0034312E /* Release */ = {
			isa = XCBuildConfiguration;
			buildSettings = {
				ALWAYS_SEARCH_USER_PATHS = NO;
				CLANG_ANALYZER_NONNULL = YES;
				CLANG_ANALYZER_NUMBER_OBJECT_CONVERSION = YES_AGGRESSIVE;
				CLANG_CXX_LANGUAGE_STANDARD = "gnu++20";
				CLANG_ENABLE_MODULES = YES;
				CLANG_ENABLE_OBJC_ARC = YES;
				CLANG_ENABLE_OBJC_WEAK = YES;
				CLANG_WARN_BLOCK_CAPTURE_AUTORELEASING = YES;
				CLANG_WARN_BOOL_CONVERSION = YES;
				CLANG_WARN_COMMA = YES;
				CLANG_WARN_CONSTANT_CONVERSION = YES;
				CLANG_WARN_DEPRECATED_OBJC_IMPLEMENTATIONS = YES;
				CLANG_WARN_DIRECT_OBJC_ISA_USAGE = YES_ERROR;
				CLANG_WARN_DOCUMENTATION_COMMENTS = YES;
				CLANG_WARN_EMPTY_BODY = YES;
				CLANG_WARN_ENUM_CONVERSION = YES;
				CLANG_WARN_INFINITE_RECURSION = YES;
				CLANG_WARN_INT_CONVERSION = YES;
				CLANG_WARN_NON_LITERAL_NULL_CONVERSION = YES;
				CLANG_WARN_OBJC_IMPLICIT_RETAIN_SELF = YES;
				CLANG_WARN_OBJC_LITERAL_CONVERSION = YES;
				CLANG_WARN_OBJC_ROOT_CLASS = YES_ERROR;
				CLANG_WARN_QUOTED_INCLUDE_IN_FRAMEWORK_HEADER = YES;
				CLANG_WARN_RANGE_LOOP_ANALYSIS = YES;
				CLANG_WARN_STRICT_PROTOTYPES = YES;
				CLANG_WARN_SUSPICIOUS_MOVE = YES;
				CLANG_WARN_UNGUARDED_AVAILABILITY = YES_AGGRESSIVE;
				CLANG_WARN_UNREACHABLE_CODE = YES;
				CLANG_WARN__DUPLICATE_METHOD_MATCH = YES;
				COPY_PHASE_STRIP = NO;
				DEBUG_INFORMATION_FORMAT = "dwarf-with-dsym";
				ENABLE_NS_ASSERTIONS = NO;
				ENABLE_STRICT_OBJC_MSGSEND = YES;
				GCC_C_LANGUAGE_STANDARD = gnu11;
				GCC_NO_COMMON_BLOCKS = YES;
				GCC_WARN_64_TO_32_BIT_CONVERSION = YES;
				GCC_WARN_ABOUT_RETURN_TYPE = YES_ERROR;
				GCC_WARN_UNDECLARED_SELECTOR = YES;
				GCC_WARN_UNINITIALIZED_AUTOS = YES_AGGRESSIVE;
				GCC_WARN_UNUSED_FUNCTION = YES;
				GCC_WARN_UNUSED_VARIABLE = YES;
				IPHONEOS_DEPLOYMENT_TARGET = 16.2;
				MTL_ENABLE_DEBUG_INFO = NO;
				MTL_FAST_MATH = YES;
				SDKROOT = iphoneos;
				SWIFT_COMPILATION_MODE = wholemodule;
				SWIFT_OPTIMIZATION_LEVEL = "-O";
				VALIDATE_PRODUCT = YES;
			};
			name = Release;
		};
		C1ACB3B12A59464A0034312E /* Debug */ = {
			isa = XCBuildConfiguration;
			buildSettings = {
				ASSETCATALOG_COMPILER_APPICON_NAME = AppIcon;
				ASSETCATALOG_COMPILER_GLOBAL_ACCENT_COLOR_NAME = AccentColor;
				CODE_SIGN_STYLE = Automatic;
				CURRENT_PROJECT_VERSION = 1;
				DEVELOPMENT_ASSET_PATHS = "\"ItunesAPI/Preview Content\"";
				ENABLE_PREVIEWS = YES;
				GENERATE_INFOPLIST_FILE = YES;
				INFOPLIST_KEY_UIApplicationSceneManifest_Generation = YES;
				INFOPLIST_KEY_UIApplicationSupportsIndirectInputEvents = YES;
				INFOPLIST_KEY_UILaunchScreen_Generation = YES;
				INFOPLIST_KEY_UISupportedInterfaceOrientations_iPad = "UIInterfaceOrientationPortrait UIInterfaceOrientationPortraitUpsideDown UIInterfaceOrientationLandscapeLeft UIInterfaceOrientationLandscapeRight";
				INFOPLIST_KEY_UISupportedInterfaceOrientations_iPhone = "UIInterfaceOrientationPortrait UIInterfaceOrientationLandscapeLeft UIInterfaceOrientationLandscapeRight";
				LD_RUNPATH_SEARCH_PATHS = (
					"$(inherited)",
					"@executable_path/Frameworks",
				);
				MARKETING_VERSION = 1.0;
				PRODUCT_BUNDLE_IDENTIFIER = "GYURI-PARK.ItunesAPI";
				PRODUCT_NAME = "$(TARGET_NAME)";
				SWIFT_EMIT_LOC_STRINGS = YES;
				SWIFT_VERSION = 5.0;
				TARGETED_DEVICE_FAMILY = "1,2";
			};
			name = Debug;
		};
		C1ACB3B22A59464A0034312E /* Release */ = {
			isa = XCBuildConfiguration;
			buildSettings = {
				ASSETCATALOG_COMPILER_APPICON_NAME = AppIcon;
				ASSETCATALOG_COMPILER_GLOBAL_ACCENT_COLOR_NAME = AccentColor;
				CODE_SIGN_STYLE = Automatic;
				CURRENT_PROJECT_VERSION = 1;
				DEVELOPMENT_ASSET_PATHS = "\"ItunesAPI/Preview Content\"";
				ENABLE_PREVIEWS = YES;
				GENERATE_INFOPLIST_FILE = YES;
				INFOPLIST_KEY_UIApplicationSceneManifest_Generation = YES;
				INFOPLIST_KEY_UIApplicationSupportsIndirectInputEvents = YES;
				INFOPLIST_KEY_UILaunchScreen_Generation = YES;
				INFOPLIST_KEY_UISupportedInterfaceOrientations_iPad = "UIInterfaceOrientationPortrait UIInterfaceOrientationPortraitUpsideDown UIInterfaceOrientationLandscapeLeft UIInterfaceOrientationLandscapeRight";
				INFOPLIST_KEY_UISupportedInterfaceOrientations_iPhone = "UIInterfaceOrientationPortrait UIInterfaceOrientationLandscapeLeft UIInterfaceOrientationLandscapeRight";
				LD_RUNPATH_SEARCH_PATHS = (
					"$(inherited)",
					"@executable_path/Frameworks",
				);
				MARKETING_VERSION = 1.0;
				PRODUCT_BUNDLE_IDENTIFIER = "GYURI-PARK.ItunesAPI";
				PRODUCT_NAME = "$(TARGET_NAME)";
				SWIFT_EMIT_LOC_STRINGS = YES;
				SWIFT_VERSION = 5.0;
				TARGETED_DEVICE_FAMILY = "1,2";
			};
			name = Release;
		};
/* End XCBuildConfiguration section */

/* Begin XCConfigurationList section */
		C1ACB39D2A5946490034312E /* Build configuration list for PBXProject "ItunesAPI" */ = {
			isa = XCConfigurationList;
			buildConfigurations = (
				C1ACB3AE2A59464A0034312E /* Debug */,
				C1ACB3AF2A59464A0034312E /* Release */,
			);
			defaultConfigurationIsVisible = 0;
			defaultConfigurationName = Release;
		};
		C1ACB3B02A59464A0034312E /* Build configuration list for PBXNativeTarget "ItunesAPI" */ = {
			isa = XCConfigurationList;
			buildConfigurations = (
				C1ACB3B12A59464A0034312E /* Debug */,
				C1ACB3B22A59464A0034312E /* Release */,
			);
			defaultConfigurationIsVisible = 0;
			defaultConfigurationName = Release;
		};
/* End XCConfigurationList section */
	};
	rootObject = C1ACB39A2A5946490034312E /* Project object */;
}
